<?xml version="1.0" encoding="utf-8"?>
<Project ToolsVersion="4.0" xmlns="http://schemas.microsoft.com/developer/msbuild/2003">
  <ItemGroup>
    <Filter Include="Source Files">
      <UniqueIdentifier>{c75b9d7c-452a-4867-a585-e8aee4a05f51}</UniqueIdentifier>
      <Extensions>cpp;c;cxx;rc;def;r;odl;idl;hpj;bat</Extensions>
    </Filter>
    <Filter Include="Header Files">
      <UniqueIdentifier>{249f81db-516d-4a60-9882-d3fd674e412c}</UniqueIdentifier>
      <Extensions>h;hpp;hxx;hm;inl</Extensions>
    </Filter>
    <Filter Include="Resources">
      <UniqueIdentifier>{5323114f-c462-496c-8a26-5f0586629382}</UniqueIdentifier>
    </Filter>
    <Filter Include="Resources\xmls">
      <UniqueIdentifier>{495d8e73-881d-481f-83d1-3ca5ee46318e}</UniqueIdentifier>
    </Filter>
    <Filter Include="Resources\images">
      <UniqueIdentifier>{d2f13808-77fd-462b-bab2-501843e85c61}</UniqueIdentifier>
    </Filter>
  </ItemGroup>
  <ItemGroup>
    <ClCompile Include="StdAfx.cpp">
      <Filter>Source Files</Filter>
    </ClCompile>
    <ClCompile Include="PopWnd.cpp">
      <Filter>Source Files</Filter>
    </ClCompile>
    <ClCompile Include="MsgWnd.cpp">
      <Filter>Source Files</Filter>
    </ClCompile>
    <ClCompile Include="ControlEx.cpp">
      <Filter>Source Files</Filter>
    </ClCompile>
    <ClCompile Include="compareSpreadsheet.cpp">
      <Filter>Source Files</Filter>
    </ClCompile>
    <ClCompile Include="ReportReader.cpp">
      <Filter>Source Files</Filter>
    </ClCompile>
    <ClCompile Include="ReportData.cpp">
      <Filter>Source Files</Filter>
    </ClCompile>
    <ClCompile Include="ReportEntity.cpp">
      <Filter>Source Files</Filter>
    </ClCompile>
    <ClCompile Include="ReportCompare.cpp">
      <Filter>Source Files</Filter>
    </ClCompile>
  </ItemGroup>
  <ItemGroup>
    <ClInclude Include="ControlEx.h">
      <Filter>Header Files</Filter>
    </ClInclude>
    <ClInclude Include="StdAfx.h">
      <Filter>Header Files</Filter>
    </ClInclude>
    <ClInclude Include="resource.h">
      <Filter>Header Files</Filter>
    </ClInclude>
    <ClInclude Include="SkinFrame.h">
      <Filter>Header Files</Filter>
    </ClInclude>
    <ClInclude Include="skin_change_event.h">
      <Filter>Header Files</Filter>
    </ClInclude>
    <ClInclude Include="SkinManager.h">
      <Filter>Header Files</Filter>
    </ClInclude>
    <ClInclude Include="PopWnd.h">
      <Filter>Header Files</Filter>
    </ClInclude>
    <ClInclude Include="MainWnd.h">
      <Filter>Header Files</Filter>
    </ClInclude>
    <ClInclude Include="MsgWnd.h">
      <Filter>Header Files</Filter>
    </ClInclude>
    <ClInclude Include="ReportReader.h">
      <Filter>Header Files</Filter>
    </ClInclude>
    <ClInclude Include="ReportData.h">
      <Filter>Header Files</Filter>
    </ClInclude>
    <ClInclude Include="ReportEntity.h">
      <Filter>Header Files</Filter>
    </ClInclude>
    <ClInclude Include="ReportCompare.h">
      <Filter>Header Files</Filter>
    </ClInclude>
  </ItemGroup>
  <ItemGroup>
    <None Include="Flash11.tlb">
      <Filter>Header Files</Filter>
    </None>
    <None Include="Res\compareTool.ico" />
    <None Include="Res\compareTool.zip" />
  </ItemGroup>
  <ItemGroup>
    <ResourceCompile Include="compareTool.rc">
      <Filter>Source Files</Filter>
    </ResourceCompile>
  </ItemGroup>
</Project>